Microsoft Visual Studio Solution File, Format Version 9.00
# Visual Studio 2005
Project("{FAE04EC0-301F-11D3-BF4B-00C04F79EFBC}") = "DXPopupMenu_DisplayMode", "DXPopupMenu_DisplayMode\DXPopupMenu_DisplayMode.csproj", "{2E3C71B9-9EE3-41DD-B3CA-D9B987DF1C8A}"
EndProject
Global
	GlobalSection(SolutionConfigurationPlatforms) = preSolution
		Debug|Any CPU = Debug|Any CPU
		Release|Any CPU = Release|Any CPU
	EndGlobalSection
	GlobalSection(ProjectConfigurationPlatforms) = postSolution
		{2E3C71B9-9EE3-41DD-B3CA-D9B987DF1C8A}.Debug|Any CPU.ActiveCfg = Debug|Any CPU
		{2E3C71B9-9EE3-41DD-B3CA-D9B987DF1C8A}.Debug|Any CPU.Build.0 = Debug|Any CPU
		{2E3C71B9-9EE3-41DD-B3CA-D9B987DF1C8A}.Release|Any CPU.ActiveCfg = Release|Any CPU
		{2E3C71B9-9EE3-41DD-B3CA-D9B987DF1C8A}.Release|Any CPU.Build.0 = Release|Any CPU
	EndGlobalSection
	GlobalSection(SolutionProperties) = preSolution
		HideSolutionNode = FALSE
	EndGlobalSection
EndGlobal
