Microsoft Visual Studio Solution File, Format Version 9.00
# Visual Studio 2005
Project("{F184B08F-C81C-45F6-A57F-5ABD9991F28F}") = "DXPopupMenu_DisplayMode", "DXPopupMenu_DisplayMode\DXPopupMenu_DisplayMode.vbproj", "{2E3C71B9-9EE3-41DD-B3CA-D9B987DF1C8A}"
EndProject
Global
	GlobalSection(SolutionConfigurationPlatforms) = preSolution
		Debug|Any CPU = Debug|Any CPU
		Release|Any CPU = Release|Any CPU
	EndGlobalSection
	GlobalSection(ProjectConfigurationPlatforms) = postSolution
		{2E3C71B9-9EE3-41DD-B3CA-D9B987DF1C8A}.Debug|Any CPU.ActiveCfg = Debug|Any CPU
		{2E3C71B9-9EE3-41DD-B3CA-D9B987DF1C8A}.Debug|Any CPU.Build.0 = Debug|Any CPU
		{2E3C71B9-9EE3-41DD-B3CA-D9B987DF1C8A}.Release|Any CPU.ActiveCfg = Release|Any CPU
		{2E3C71B9-9EE3-41DD-B3CA-D9B987DF1C8A}.Release|Any CPU.Build.0 = Release|Any CPU
	EndGlobalSection
	GlobalSection(SolutionProperties) = preSolution
		HideSolutionNode = FALSE
	EndGlobalSection
EndGlobal
